// !$*UTF8*$!
{
	archiveVersion = 1;
	classes = {
	};
	objectVersion = 56;
	objects = {

/* Begin PBXBuildFile section */
		8627FCC22D75FEED00A2A7BD /* AddView.swift in Sources */ = {isa = PBXBuildFile; fileRef = 8627FCC12D75FEED00A2A7BD /* AddView.swift */; };
		8627FCC52D76037300A2A7BD /* ItemModel.swift in Sources */ = {isa = PBXBuildFile; fileRef = 8627FCC42D76037300A2A7BD /* ItemModel.swift */; };
		866BA36A2D70B61C00D09EF3 /* ToDoListApp.swift in Sources */ = {isa = PBXBuildFile; fileRef = 866BA3692D70B61C00D09EF3 /* ToDoListApp.swift */; };
		866BA36E2D70B61E00D09EF3 /* Assets.xcassets in Resources */ = {isa = PBXBuildFile; fileRef = 866BA36D2D70B61E00D09EF3 /* Assets.xcassets */; };
		866BA3712D70B61E00D09EF3 /* Preview Assets.xcassets in Resources */ = {isa = PBXBuildFile; fileRef = 866BA3702D70B61E00D09EF3 /* Preview Assets.xcassets */; };
		866BA37B2D70B61E00D09EF3 /* ToDoListTests.swift in Sources */ = {isa = PBXBuildFile; fileRef = 866BA37A2D70B61E00D09EF3 /* ToDoListTests.swift */; };
		866BA3852D70B61E00D09EF3 /* ToDoListUITests.swift in Sources */ = {isa = PBXBuildFile; fileRef = 866BA3842D70B61E00D09EF3 /* ToDoListUITests.swift */; };
		866BA3872D70B61E00D09EF3 /* ToDoListUITestsLaunchTests.swift in Sources */ = {isa = PBXBuildFile; fileRef = 866BA3862D70B61E00D09EF3 /* ToDoListUITestsLaunchTests.swift */; };
		866BA3952D70BC8300D09EF3 /* ListView.swift in Sources */ = {isa = PBXBuildFile; fileRef = 866BA3942D70BC8300D09EF3 /* ListView.swift */; };
		866BA3972D70C31F00D09EF3 /* ListRowView.swift in Sources */ = {isa = PBXBuildFile; fileRef = 866BA3962D70C31F00D09EF3 /* ListRowView.swift */; };
		869856962D8B14B30025F8F3 /* LaunchScreen.storyboard in Resources */ = {isa = PBXBuildFile; fileRef = 869856952D8B14B30025F8F3 /* LaunchScreen.storyboard */; };
		86C64F082D81CB9E0007D2CA /* NoItemsView.swift in Sources */ = {isa = PBXBuildFile; fileRef = 86C64F072D81CB9E0007D2CA /* NoItemsView.swift */; };
		86E555F82D7745BF00257160 /* ListViewModel.swift in Sources */ = {isa = PBXBuildFile; fileRef = 86E555F72D7745BF00257160 /* ListViewModel.swift */; };
/* End PBXBuildFile section */

/* Begin PBXContainerItemProxy section */
		866BA3772D70B61E00D09EF3 /* PBXContainerItemProxy */ = {
			isa = PBXContainerItemProxy;
			containerPortal = 866BA35E2D70B61C00D09EF3 /* Project object */;
			proxyType = 1;
			remoteGlobalIDString = 866BA3652D70B61C00D09EF3;
			remoteInfo = ToDoList;
		};
		866BA3812D70B61E00D09EF3 /* PBXContainerItemProxy */ = {
			isa = PBXContainerItemProxy;
			containerPortal = 866BA35E2D70B61C00D09EF3 /* Project object */;
			proxyType = 1;
			remoteGlobalIDString = 866BA3652D70B61C00D09EF3;
			remoteInfo = ToDoList;
		};
/* End PBXContainerItemProxy section */

/* Begin PBXFileReference section */
		8627FCC12D75FEED00A2A7BD /* AddView.swift */ = {isa = PBXFileReference; lastKnownFileType = sourcecode.swift; path = AddView.swift; sourceTree = "<group>"; };
		8627FCC42D76037300A2A7BD /* ItemModel.swift */ = {isa = PBXFileReference; lastKnownFileType = sourcecode.swift; path = ItemModel.swift; sourceTree = "<group>"; };
		866BA3662D70B61C00D09EF3 /* ToDoList.app */ = {isa = PBXFileReference; explicitFileType = wrapper.application; includeInIndex = 0; path = ToDoList.app; sourceTree = BUILT_PRODUCTS_DIR; };
		866BA3692D70B61C00D09EF3 /* ToDoListApp.swift */ = {isa = PBXFileReference; lastKnownFileType = sourcecode.swift; path = ToDoListApp.swift; sourceTree = "<group>"; };
		866BA36D2D70B61E00D09EF3 /* Assets.xcassets */ = {isa = PBXFileReference; lastKnownFileType = folder.assetcatalog; path = Assets.xcassets; sourceTree = "<group>"; };
		866BA3702D70B61E00D09EF3 /* Preview Assets.xcassets */ = {isa = PBXFileReference; lastKnownFileType = folder.assetcatalog; path = "Preview Assets.xcassets"; sourceTree = "<group>"; };
		866BA3762D70B61E00D09EF3 /* ToDoListTests.xctest */ = {isa = PBXFileReference; explicitFileType = wrapper.cfbundle; includeInIndex = 0; path = ToDoListTests.xctest; sourceTree = BUILT_PRODUCTS_DIR; };
		866BA37A2D70B61E00D09EF3 /* ToDoListTests.swift */ = {isa = PBXFileReference; lastKnownFileType = sourcecode.swift; path = ToDoListTests.swift; sourceTree = "<group>"; };
		866BA3802D70B61E00D09EF3 /* ToDoListUITests.xctest */ = {isa = PBXFileReference; explicitFileType = wrapper.cfbundle; includeInIndex = 0; path = ToDoListUITests.xctest; sourceTree = BUILT_PRODUCTS_DIR; };
		866BA3842D70B61E00D09EF3 /* ToDoListUITests.swift */ = {isa = PBXFileReference; lastKnownFileType = sourcecode.swift; path = ToDoListUITests.swift; sourceTree = "<group>"; };
		866BA3862D70B61E00D09EF3 /* ToDoListUITestsLaunchTests.swift */ = {isa = PBXFileReference; lastKnownFileType = sourcecode.swift; path = ToDoListUITestsLaunchTests.swift; sourceTree = "<group>"; };
		866BA3942D70BC8300D09EF3 /* ListView.swift */ = {isa = PBXFileReference; lastKnownFileType = sourcecode.swift; path = ListView.swift; sourceTree = "<group>"; };
		866BA3962D70C31F00D09EF3 /* ListRowView.swift */ = {isa = PBXFileReference; lastKnownFileType = sourcecode.swift; path = ListRowView.swift; sourceTree = "<group>"; };
		869856952D8B14B30025F8F3 /* LaunchScreen.storyboard */ = {isa = PBXFileReference; lastKnownFileType = file.storyboard; path = LaunchScreen.storyboard; sourceTree = "<group>"; };
		86C64F072D81CB9E0007D2CA /* NoItemsView.swift */ = {isa = PBXFileReference; lastKnownFileType = sourcecode.swift; path = NoItemsView.swift; sourceTree = "<group>"; };
		86E555F72D7745BF00257160 /* ListViewModel.swift */ = {isa = PBXFileReference; lastKnownFileType = sourcecode.swift; path = ListViewModel.swift; sourceTree = "<group>"; };
/* End PBXFileReference section */

/* Begin PBXFrameworksBuildPhase section */
		866BA3632D70B61C00D09EF3 /* Frameworks */ = {
			isa = PBXFrameworksBuildPhase;
			buildActionMask = 2147483647;
			files = (
			);
			runOnlyForDeploymentPostprocessing = 0;
		};
		866BA3732D70B61E00D09EF3 /* Frameworks */ = {
			isa = PBXFrameworksBuildPhase;
			buildActionMask = 2147483647;
			files = (
			);
			runOnlyForDeploymentPostprocessing = 0;
		};
		866BA37D2D70B61E00D09EF3 /* Frameworks */ = {
			isa = PBXFrameworksBuildPhase;
			buildActionMask = 2147483647;
			files = (
			);
			runOnlyForDeploymentPostprocessing = 0;
		};
/* End PBXFrameworksBuildPhase section */

/* Begin PBXGroup section */
		8627FCC32D76034F00A2A7BD /* Models */ = {
			isa = PBXGroup;
			children = (
				8627FCC42D76037300A2A7BD /* ItemModel.swift */,
			);
			path = Models;
			sourceTree = "<group>";
		};
		866BA35D2D70B61C00D09EF3 = {
			isa = PBXGroup;
			children = (
				866BA3682D70B61C00D09EF3 /* ToDoList */,
				866BA3792D70B61E00D09EF3 /* ToDoListTests */,
				866BA3832D70B61E00D09EF3 /* ToDoListUITests */,
				866BA3672D70B61C00D09EF3 /* Products */,
			);
			sourceTree = "<group>";
		};
		866BA3672D70B61C00D09EF3 /* Products */ = {
			isa = PBXGroup;
			children = (
				866BA3662D70B61C00D09EF3 /* ToDoList.app */,
				866BA3762D70B61E00D09EF3 /* ToDoListTests.xctest */,
				866BA3802D70B61E00D09EF3 /* ToDoListUITests.xctest */,
			);
			name = Products;
			sourceTree = "<group>";
		};
		866BA3682D70B61C00D09EF3 /* ToDoList */ = {
			isa = PBXGroup;
			children = (
				866BA3692D70B61C00D09EF3 /* ToDoListApp.swift */,
				8627FCC32D76034F00A2A7BD /* Models */,
				86E555F62D77455600257160 /* ViewModels */,
				866BA3932D70BC3C00D09EF3 /* View */,
				866BA36D2D70B61E00D09EF3 /* Assets.xcassets */,
				866BA36F2D70B61E00D09EF3 /* Preview Content */,
			);
			path = ToDoList;
			sourceTree = "<group>";
		};
		866BA36F2D70B61E00D09EF3 /* Preview Content */ = {
			isa = PBXGroup;
			children = (
				866BA3702D70B61E00D09EF3 /* Preview Assets.xcassets */,
			);
			path = "Preview Content";
			sourceTree = "<group>";
		};
		866BA3792D70B61E00D09EF3 /* ToDoListTests */ = {
			isa = PBXGroup;
			children = (
				866BA37A2D70B61E00D09EF3 /* ToDoListTests.swift */,
			);
			path = ToDoListTests;
			sourceTree = "<group>";
		};
		866BA3832D70B61E00D09EF3 /* ToDoListUITests */ = {
			isa = PBXGroup;
			children = (
				866BA3842D70B61E00D09EF3 /* ToDoListUITests.swift */,
				866BA3862D70B61E00D09EF3 /* ToDoListUITestsLaunchTests.swift */,
			);
			path = ToDoListUITests;
			sourceTree = "<group>";
		};
		866BA3932D70BC3C00D09EF3 /* View */ = {
			isa = PBXGroup;
			children = (
				866BA3942D70BC8300D09EF3 /* ListView.swift */,
				866BA3962D70C31F00D09EF3 /* ListRowView.swift */,
				8627FCC12D75FEED00A2A7BD /* AddView.swift */,
				86C64F072D81CB9E0007D2CA /* NoItemsView.swift */,
				869856952D8B14B30025F8F3 /* LaunchScreen.storyboard */,
			);
			path = View;
			sourceTree = "<group>";
		};
		86E555F62D77455600257160 /* ViewModels */ = {
			isa = PBXGroup;
			children = (
				86E555F72D7745BF00257160 /* ListViewModel.swift */,
			);
			path = ViewModels;
			sourceTree = "<group>";
		};
/* End PBXGroup section */

/* Begin PBXNativeTarget section */
		866BA3652D70B61C00D09EF3 /* ToDoList */ = {
			isa = PBXNativeTarget;
			buildConfigurationList = 866BA38A2D70B61E00D09EF3 /* Build configuration list for PBXNativeTarget "ToDoList" */;
			buildPhases = (
				866BA3622D70B61C00D09EF3 /* Sources */,
				866BA3632D70B61C00D09EF3 /* Frameworks */,
				866BA3642D70B61C00D09EF3 /* Resources */,
			);
			buildRules = (
			);
			dependencies = (
			);
			name = ToDoList;
			productName = ToDoList;
			productReference = 866BA3662D70B61C00D09EF3 /* ToDoList.app */;
			productType = "com.apple.product-type.application";
		};
		866BA3752D70B61E00D09EF3 /* ToDoListTests */ = {
			isa = PBXNativeTarget;
			buildConfigurationList = 866BA38D2D70B61E00D09EF3 /* Build configuration list for PBXNativeTarget "ToDoListTests" */;
			buildPhases = (
				866BA3722D70B61E00D09EF3 /* Sources */,
				866BA3732D70B61E00D09EF3 /* Frameworks */,
				866BA3742D70B61E00D09EF3 /* Resources */,
			);
			buildRules = (
			);
			dependencies = (
				866BA3782D70B61E00D09EF3 /* PBXTargetDependency */,
			);
			name = ToDoListTests;
			productName = ToDoListTests;
			productReference = 866BA3762D70B61E00D09EF3 /* ToDoListTests.xctest */;
			productType = "com.apple.product-type.bundle.unit-test";
		};
		866BA37F2D70B61E00D09EF3 /* ToDoListUITests */ = {
			isa = PBXNativeTarget;
			buildConfigurationList = 866BA3902D70B61E00D09EF3 /* Build configuration list for PBXNativeTarget "ToDoListUITests" */;
			buildPhases = (
				866BA37C2D70B61E00D09EF3 /* Sources */,
				866BA37D2D70B61E00D09EF3 /* Frameworks */,
				866BA37E2D70B61E00D09EF3 /* Resources */,
			);
			buildRules = (
			);
			dependencies = (
				866BA3822D70B61E00D09EF3 /* PBXTargetDependency */,
			);
			name = ToDoListUITests;
			productName = ToDoListUITests;
			productReference = 866BA3802D70B61E00D09EF3 /* ToDoListUITests.xctest */;
			productType = "com.apple.product-type.bundle.ui-testing";
		};
/* End PBXNativeTarget section */

/* Begin PBXProject section */
		866BA35E2D70B61C00D09EF3 /* Project object */ = {
			isa = PBXProject;
			attributes = {
				BuildIndependentTargetsInParallel = 1;
				LastSwiftUpdateCheck = 1520;
				LastUpgradeCheck = 1520;
				TargetAttributes = {
					866BA3652D70B61C00D09EF3 = {
						CreatedOnToolsVersion = 15.2;
					};
					866BA3752D70B61E00D09EF3 = {
						CreatedOnToolsVersion = 15.2;
						TestTargetID = 866BA3652D70B61C00D09EF3;
					};
					866BA37F2D70B61E00D09EF3 = {
						CreatedOnToolsVersion = 15.2;
						TestTargetID = 866BA3652D70B61C00D09EF3;
					};
				};
			};
			buildConfigurationList = 866BA3612D70B61C00D09EF3 /* Build configuration list for PBXProject "ToDoList" */;
			compatibilityVersion = "Xcode 14.0";
			developmentRegion = en;
			hasScannedForEncodings = 0;
			knownRegions = (
				en,
				Base,
			);
			mainGroup = 866BA35D2D70B61C00D09EF3;
			productRefGroup = 866BA3672D70B61C00D09EF3 /* Products */;
			projectDirPath = "";
			projectRoot = "";
			targets = (
				866BA3652D70B61C00D09EF3 /* ToDoList */,
				866BA3752D70B61E00D09EF3 /* ToDoListTests */,
				866BA37F2D70B61E00D09EF3 /* ToDoListUITests */,
			);
		};
/* End PBXProject section */

/* Begin PBXResourcesBuildPhase section */
		866BA3642D70B61C00D09EF3 /* Resources */ = {
			isa = PBXResourcesBuildPhase;
			buildActionMask = 2147483647;
			files = (
				869856962D8B14B30025F8F3 /* LaunchScreen.storyboard in Resources */,
				866BA3712D70B61E00D09EF3 /* Preview Assets.xcassets in Resources */,
				866BA36E2D70B61E00D09EF3 /* Assets.xcassets in Resources */,
			);
			runOnlyForDeploymentPostprocessing = 0;
		};
		866BA3742D70B61E00D09EF3 /* Resources */ = {
			isa = PBXResourcesBuildPhase;
			buildActionMask = 2147483647;
			files = (
			);
			runOnlyForDeploymentPostprocessing = 0;
		};
		866BA37E2D70B61E00D09EF3 /* Resources */ = {
			isa = PBXResourcesBuildPhase;
			buildActionMask = 2147483647;
			files = (
			);
			runOnlyForDeploymentPostprocessing = 0;
		};
/* End PBXResourcesBuildPhase section */

/* Begin PBXSourcesBuildPhase section */
		866BA3622D70B61C00D09EF3 /* Sources */ = {
			isa = PBXSourcesBuildPhase;
			buildActionMask = 2147483647;
			files = (
				8627FCC52D76037300A2A7BD /* ItemModel.swift in Sources */,
				8627FCC22D75FEED00A2A7BD /* AddView.swift in Sources */,
				86E555F82D7745BF00257160 /* ListViewModel.swift in Sources */,
				866BA36A2D70B61C00D09EF3 /* ToDoListApp.swift in Sources */,
				866BA3952D70BC8300D09EF3 /* ListView.swift in Sources */,
				86C64F082D81CB9E0007D2CA /* NoItemsView.swift in Sources */,
				866BA3972D70C31F00D09EF3 /* ListRowView.swift in Sources */,
			);
			runOnlyForDeploymentPostprocessing = 0;
		};
		866BA3722D70B61E00D09EF3 /* Sources */ = {
			isa = PBXSourcesBuildPhase;
			buildActionMask = 2147483647;
			files = (
				866BA37B2D70B61E00D09EF3 /* ToDoListTests.swift in Sources */,
			);
			runOnlyForDeploymentPostprocessing = 0;
		};
		866BA37C2D70B61E00D09EF3 /* Sources */ = {
			isa = PBXSourcesBuildPhase;
			buildActionMask = 2147483647;
			files = (
				866BA3872D70B61E00D09EF3 /* ToDoListUITestsLaunchTests.swift in Sources */,
				866BA3852D70B61E00D09EF3 /* ToDoListUITests.swift in Sources */,
			);
			runOnlyForDeploymentPostprocessing = 0;
		};
/* End PBXSourcesBuildPhase section */

/* Begin PBXTargetDependency section */
		866BA3782D70B61E00D09EF3 /* PBXTargetDependency */ = {
			isa = PBXTargetDependency;
			target = 866BA3652D70B61C00D09EF3 /* ToDoList */;
			targetProxy = 866BA3772D70B61E00D09EF3 /* PBXContainerItemProxy */;
		};
		866BA3822D70B61E00D09EF3 /* PBXTargetDependency */ = {
			isa = PBXTargetDependency;
			target = 866BA3652D70B61C00D09EF3 /* ToDoList */;
			targetProxy = 866BA3812D70B61E00D09EF3 /* PBXContainerItemProxy */;
		};
/* End PBXTargetDependency section */

/* Begin XCBuildConfiguration section */
		866BA3882D70B61E00D09EF3 /* Debug */ = {
			isa = XCBuildConfiguration;
			buildSettings = {
				ALWAYS_SEARCH_USER_PATHS = NO;
				ASSETCATALOG_COMPILER_GENERATE_SWIFT_ASSET_SYMBOL_EXTENSIONS = YES;
				CLANG_ANALYZER_NONNULL = YES;
				CLANG_ANALYZER_NUMBER_OBJECT_CONVERSION = YES_AGGRESSIVE;
				CLANG_CXX_LANGUAGE_STANDARD = "gnu++20";
				CLANG_ENABLE_MODULES = YES;
				CLANG_ENABLE_OBJC_ARC = YES;
				CLANG_ENABLE_OBJC_WEAK = YES;
				CLANG_WARN_BLOCK_CAPTURE_AUTORELEASING = YES;
				CLANG_WARN_BOOL_CONVERSION = YES;
				CLANG_WARN_COMMA = YES;
				CLANG_WARN_CONSTANT_CONVERSION = YES;
				CLANG_WARN_DEPRECATED_OBJC_IMPLEMENTATIONS = YES;
				CLANG_WARN_DIRECT_OBJC_ISA_USAGE = YES_ERROR;
				CLANG_WARN_DOCUMENTATION_COMMENTS = YES;
				CLANG_WARN_EMPTY_BODY = YES;
				CLANG_WARN_ENUM_CONVERSION = YES;
				CLANG_WARN_INFINITE_RECURSION = YES;
				CLANG_WARN_INT_CONVERSION = YES;
				CLANG_WARN_NON_LITERAL_NULL_CONVERSION = YES;
				CLANG_WARN_OBJC_IMPLICIT_RETAIN_SELF = YES;
				CLANG_WARN_OBJC_LITERAL_CONVERSION = YES;
				CLANG_WARN_OBJC_ROOT_CLASS = YES_ERROR;
				CLANG_WARN_QUOTED_INCLUDE_IN_FRAMEWORK_HEADER = YES;
				CLANG_WARN_RANGE_LOOP_ANALYSIS = YES;
				CLANG_WARN_STRICT_PROTOTYPES = YES;
				CLANG_WARN_SUSPICIOUS_MOVE = YES;
				CLANG_WARN_UNGUARDED_AVAILABILITY = YES_AGGRESSIVE;
				CLANG_WARN_UNREACHABLE_CODE = YES;
				CLANG_WARN__DUPLICATE_METHOD_MATCH = YES;
				COPY_PHASE_STRIP = NO;
				DEBUG_INFORMATION_FORMAT = dwarf;
				ENABLE_STRICT_OBJC_MSGSEND = YES;
				ENABLE_TESTABILITY = YES;
				ENABLE_USER_SCRIPT_SANDBOXING = YES;
				GCC_C_LANGUAGE_STANDARD = gnu17;
				GCC_DYNAMIC_NO_PIC = NO;
				GCC_NO_COMMON_BLOCKS = YES;
				GCC_OPTIMIZATION_LEVEL = 0;
				GCC_PREPROCESSOR_DEFINITIONS = (
					"DEBUG=1",
					"$(inherited)",
				);
				GCC_WARN_64_TO_32_BIT_CONVERSION = YES;
				GCC_WARN_ABOUT_RETURN_TYPE = YES_ERROR;
				GCC_WARN_UNDECLARED_SELECTOR = YES;
				GCC_WARN_UNINITIALIZED_AUTOS = YES_AGGRESSIVE;
				GCC_WARN_UNUSED_FUNCTION = YES;
				GCC_WARN_UNUSED_VARIABLE = YES;
				IPHONEOS_DEPLOYMENT_TARGET = 17.2;
				LOCALIZATION_PREFERS_STRING_CATALOGS = YES;
				MTL_ENABLE_DEBUG_INFO = INCLUDE_SOURCE;
				MTL_FAST_MATH = YES;
				ONLY_ACTIVE_ARCH = YES;
				SDKROOT = iphoneos;
				SWIFT_ACTIVE_COMPILATION_CONDITIONS = "DEBUG $(inherited)";
				SWIFT_OPTIMIZATION_LEVEL = "-Onone";
			};
			name = Debug;
		};
		866BA3892D70B61E00D09EF3 /* Release */ = {
			isa = XCBuildConfiguration;
			buildSettings = {
				ALWAYS_SEARCH_USER_PATHS = NO;
				ASSETCATALOG_COMPILER_GENERATE_SWIFT_ASSET_SYMBOL_EXTENSIONS = YES;
				CLANG_ANALYZER_NONNULL = YES;
				CLANG_ANALYZER_NUMBER_OBJECT_CONVERSION = YES_AGGRESSIVE;
				CLANG_CXX_LANGUAGE_STANDARD = "gnu++20";
				CLANG_ENABLE_MODULES = YES;
				CLANG_ENABLE_OBJC_ARC = YES;
				CLANG_ENABLE_OBJC_WEAK = YES;
				CLANG_WARN_BLOCK_CAPTURE_AUTORELEASING = YES;
				CLANG_WARN_BOOL_CONVERSION = YES;
				CLANG_WARN_COMMA = YES;
				CLANG_WARN_CONSTANT_CONVERSION = YES;
				CLANG_WARN_DEPRECATED_OBJC_IMPLEMENTATIONS = YES;
				CLANG_WARN_DIRECT_OBJC_ISA_USAGE = YES_ERROR;
				CLANG_WARN_DOCUMENTATION_COMMENTS = YES;
				CLANG_WARN_EMPTY_BODY = YES;
				CLANG_WARN_ENUM_CONVERSION = YES;
				CLANG_WARN_INFINITE_RECURSION = YES;
				CLANG_WARN_INT_CONVERSION = YES;
				CLANG_WARN_NON_LITERAL_NULL_CONVERSION = YES;
				CLANG_WARN_OBJC_IMPLICIT_RETAIN_SELF = YES;
				CLANG_WARN_OBJC_LITERAL_CONVERSION = YES;
				CLANG_WARN_OBJC_ROOT_CLASS = YES_ERROR;
				CLANG_WARN_QUOTED_INCLUDE_IN_FRAMEWORK_HEADER = YES;
				CLANG_WARN_RANGE_LOOP_ANALYSIS = YES;
				CLANG_WARN_STRICT_PROTOTYPES = YES;
				CLANG_WARN_SUSPICIOUS_MOVE = YES;
				CLANG_WARN_UNGUARDED_AVAILABILITY = YES_AGGRESSIVE;
				CLANG_WARN_UNREACHABLE_CODE = YES;
				CLANG_WARN__DUPLICATE_METHOD_MATCH = YES;
				COPY_PHASE_STRIP = NO;
				DEBUG_INFORMATION_FORMAT = "dwarf-with-dsym";
				ENABLE_NS_ASSERTIONS = NO;
				ENABLE_STRICT_OBJC_MSGSEND = YES;
				ENABLE_USER_SCRIPT_SANDBOXING = YES;
				GCC_C_LANGUAGE_STANDARD = gnu17;
				GCC_NO_COMMON_BLOCKS = YES;
				GCC_WARN_64_TO_32_BIT_CONVERSION = YES;
				GCC_WARN_ABOUT_RETURN_TYPE = YES_ERROR;
				GCC_WARN_UNDECLARED_SELECTOR = YES;
				GCC_WARN_UNINITIALIZED_AUTOS = YES_AGGRESSIVE;
				GCC_WARN_UNUSED_FUNCTION = YES;
				GCC_WARN_UNUSED_VARIABLE = YES;
				IPHONEOS_DEPLOYMENT_TARGET = 17.2;
				LOCALIZATION_PREFERS_STRING_CATALOGS = YES;
				MTL_ENABLE_DEBUG_INFO = NO;
				MTL_FAST_MATH = YES;
				SDKROOT = iphoneos;
				SWIFT_COMPILATION_MODE = wholemodule;
				VALIDATE_PRODUCT = YES;
			};
			name = Release;
		};
		866BA38B2D70B61E00D09EF3 /* Debug */ = {
			isa = XCBuildConfiguration;
			buildSettings = {
				ASSETCATALOG_COMPILER_APPICON_NAME = AppIcon;
				ASSETCATALOG_COMPILER_GLOBAL_ACCENT_COLOR_NAME = AccentColor;
				CODE_SIGN_STYLE = Automatic;
				CURRENT_PROJECT_VERSION = 1;
				DEVELOPMENT_ASSET_PATHS = "\"ToDoList/Preview Content\"";
				ENABLE_PREVIEWS = YES;
				GENERATE_INFOPLIST_FILE = YES;
				INFOPLIST_KEY_CFBundleDisplayName = "ToDo List";
				INFOPLIST_KEY_UIApplicationSceneManifest_Generation = YES;
				INFOPLIST_KEY_UIApplicationSupportsIndirectInputEvents = YES;
				INFOPLIST_KEY_UILaunchStoryboardName = LaunchScreen.storyboard;
				INFOPLIST_KEY_UISupportedInterfaceOrientations_iPad = "UIInterfaceOrientationPortrait UIInterfaceOrientationPortraitUpsideDown UIInterfaceOrientationLandscapeLeft UIInterfaceOrientationLandscapeRight";
				INFOPLIST_KEY_UISupportedInterfaceOrientations_iPhone = "UIInterfaceOrientationPortrait UIInterfaceOrientationLandscapeLeft UIInterfaceOrientationLandscapeRight";
				LD_RUNPATH_SEARCH_PATHS = (
					"$(inherited)",
					"@executable_path/Frameworks",
				);
				MARKETING_VERSION = 1.0;
				PRODUCT_BUNDLE_IDENTIFIER = com.datnv.ToDoList;
				PRODUCT_NAME = "$(TARGET_NAME)";
				SWIFT_EMIT_LOC_STRINGS = YES;
				SWIFT_VERSION = 5.0;
				TARGETED_DEVICE_FAMILY = "1,2";
			};
			name = Debug;
		};
		866BA38C2D70B61E00D09EF3 /* Release */ = {
			isa = XCBuildConfiguration;
			buildSettings = {
				ASSETCATALOG_COMPILER_APPICON_NAME = AppIcon;
				ASSETCATALOG_COMPILER_GLOBAL_ACCENT_COLOR_NAME = AccentColor;
				CODE_SIGN_STYLE = Automatic;
				CURRENT_PROJECT_VERSION = 1;
				DEVELOPMENT_ASSET_PATHS = "\"ToDoList/Preview Content\"";
				ENABLE_PREVIEWS = YES;
				GENERATE_INFOPLIST_FILE = YES;
				INFOPLIST_KEY_CFBundleDisplayName = "ToDo List";
				INFOPLIST_KEY_UIApplicationSceneManifest_Generation = YES;
				INFOPLIST_KEY_UIApplicationSupportsIndirectInputEvents = YES;
				INFOPLIST_KEY_UILaunchStoryboardName = LaunchScreen.storyboard;
				INFOPLIST_KEY_UISupportedInterfaceOrientations_iPad = "UIInterfaceOrientationPortrait UIInterfaceOrientationPortraitUpsideDown UIInterfaceOrientationLandscapeLeft UIInterfaceOrientationLandscapeRight";
				INFOPLIST_KEY_UISupportedInterfaceOrientations_iPhone = "UIInterfaceOrientationPortrait UIInterfaceOrientationLandscapeLeft UIInterfaceOrientationLandscapeRight";
				LD_RUNPATH_SEARCH_PATHS = (
					"$(inherited)",
					"@executable_path/Frameworks",
				);
				MARKETING_VERSION = 1.0;
				PRODUCT_BUNDLE_IDENTIFIER = com.datnv.ToDoList;
				PRODUCT_NAME = "$(TARGET_NAME)";
				SWIFT_EMIT_LOC_STRINGS = YES;
				SWIFT_VERSION = 5.0;
				TARGETED_DEVICE_FAMILY = "1,2";
			};
			name = Release;
		};
		866BA38E2D70B61E00D09EF3 /* Debug */ = {
			isa = XCBuildConfiguration;
			buildSettings = {
				ALWAYS_EMBED_SWIFT_STANDARD_LIBRARIES = YES;
				BUNDLE_LOADER = "$(TEST_HOST)";
				CODE_SIGN_STYLE = Automatic;
				CURRENT_PROJECT_VERSION = 1;
				GENERATE_INFOPLIST_FILE = YES;
				IPHONEOS_DEPLOYMENT_TARGET = 17.2;
				MARKETING_VERSION = 1.0;
				PRODUCT_BUNDLE_IDENTIFIER = com.datnv.ToDoListTests;
				PRODUCT_NAME = "$(TARGET_NAME)";
				SWIFT_EMIT_LOC_STRINGS = NO;
				SWIFT_VERSION = 5.0;
				TARGETED_DEVICE_FAMILY = "1,2";
				TEST_HOST = "$(BUILT_PRODUCTS_DIR)/ToDoList.app/$(BUNDLE_EXECUTABLE_FOLDER_PATH)/ToDoList";
			};
			name = Debug;
		};
		866BA38F2D70B61E00D09EF3 /* Release */ = {
			isa = XCBuildConfiguration;
			buildSettings = {
				ALWAYS_EMBED_SWIFT_STANDARD_LIBRARIES = YES;
				BUNDLE_LOADER = "$(TEST_HOST)";
				CODE_SIGN_STYLE = Automatic;
				CURRENT_PROJECT_VERSION = 1;
				GENERATE_INFOPLIST_FILE = YES;
				IPHONEOS_DEPLOYMENT_TARGET = 17.2;
				MARKETING_VERSION = 1.0;
				PRODUCT_BUNDLE_IDENTIFIER = com.datnv.ToDoListTests;
				PRODUCT_NAME = "$(TARGET_NAME)";
				SWIFT_EMIT_LOC_STRINGS = NO;
				SWIFT_VERSION = 5.0;
				TARGETED_DEVICE_FAMILY = "1,2";
				TEST_HOST = "$(BUILT_PRODUCTS_DIR)/ToDoList.app/$(BUNDLE_EXECUTABLE_FOLDER_PATH)/ToDoList";
			};
			name = Release;
		};
		866BA3912D70B61E00D09EF3 /* Debug */ = {
			isa = XCBuildConfiguration;
			buildSettings = {
				ALWAYS_EMBED_SWIFT_STANDARD_LIBRARIES = YES;
				CODE_SIGN_STYLE = Automatic;
				CURRENT_PROJECT_VERSION = 1;
				GENERATE_INFOPLIST_FILE = YES;
				MARKETING_VERSION = 1.0;
				PRODUCT_BUNDLE_IDENTIFIER = com.datnv.ToDoListUITests;
				PRODUCT_NAME = "$(TARGET_NAME)";
				SWIFT_EMIT_LOC_STRINGS = NO;
				SWIFT_VERSION = 5.0;
				TARGETED_DEVICE_FAMILY = "1,2";
				TEST_TARGET_NAME = ToDoList;
			};
			name = Debug;
		};
		866BA3922D70B61E00D09EF3 /* Release */ = {
			isa = XCBuildConfiguration;
			buildSettings = {
				ALWAYS_EMBED_SWIFT_STANDARD_LIBRARIES = YES;
				CODE_SIGN_STYLE = Automatic;
				CURRENT_PROJECT_VERSION = 1;
				GENERATE_INFOPLIST_FILE = YES;
				MARKETING_VERSION = 1.0;
				PRODUCT_BUNDLE_IDENTIFIER = com.datnv.ToDoListUITests;
				PRODUCT_NAME = "$(TARGET_NAME)";
				SWIFT_EMIT_LOC_STRINGS = NO;
				SWIFT_VERSION = 5.0;
				TARGETED_DEVICE_FAMILY = "1,2";
				TEST_TARGET_NAME = ToDoList;
			};
			name = Release;
		};
/* End XCBuildConfiguration section */

/* Begin XCConfigurationList section */
		866BA3612D70B61C00D09EF3 /* Build configuration list for PBXProject "ToDoList" */ = {
			isa = XCConfigurationList;
			buildConfigurations = (
				866BA3882D70B61E00D09EF3 /* Debug */,
				866BA3892D70B61E00D09EF3 /* Release */,
			);
			defaultConfigurationIsVisible = 0;
			defaultConfigurationName = Release;
		};
		866BA38A2D70B61E00D09EF3 /* Build configuration list for PBXNativeTarget "ToDoList" */ = {
			isa = XCConfigurationList;
			buildConfigurations = (
				866BA38B2D70B61E00D09EF3 /* Debug */,
				866BA38C2D70B61E00D09EF3 /* Release */,
			);
			defaultConfigurationIsVisible = 0;
			defaultConfigurationName = Release;
		};
		866BA38D2D70B61E00D09EF3 /* Build configuration list for PBXNativeTarget "ToDoListTests" */ = {
			isa = XCConfigurationList;
			buildConfigurations = (
				866BA38E2D70B61E00D09EF3 /* Debug */,
				866BA38F2D70B61E00D09EF3 /* Release */,
			);
			defaultConfigurationIsVisible = 0;
			defaultConfigurationName = Release;
		};
		866BA3902D70B61E00D09EF3 /* Build configuration list for PBXNativeTarget "ToDoListUITests" */ = {
			isa = XCConfigurationList;
			buildConfigurations = (
				866BA3912D70B61E00D09EF3 /* Debug */,
				866BA3922D70B61E00D09EF3 /* Release */,
			);
			defaultConfigurationIsVisible = 0;
			defaultConfigurationName = Release;
		};
/* End XCConfigurationList section */
	};
	rootObject = 866BA35E2D70B61C00D09EF3 /* Project object */;
}
